
Microsoft Visual Studio Solution File, Format Version 12.00
# Visual Studio Version 16
VisualStudioVersion = 16.0.29230.47
MinimumVisualStudioVersion = 10.0.40219.1
Project("{9A19103F-16F7-4668-BE54-9A1E7A4F7556}") = "RankBot", "RankBot.csproj", "{F4D80121-322B-4DCE-A8FD-30C815607E8D}"
EndProject
Project("{2150E333-8FDC-42A3-9474-1A3956D46DE8}") = "Solution Items", "Solution Items", "{F0C565EB-E7FE-4DC6-B874-D45C2516A2D5}"
	ProjectSection(SolutionItems) = preProject
		StatsDB.cs = StatsDB.cs
	EndProjectSection
EndProject
Global
	GlobalSection(SolutionConfigurationPlatforms) = preSolution
		Debug|Any CPU = Debug|Any CPU
		Release|Any CPU = Release|Any CPU
	EndGlobalSection
	GlobalSection(ProjectConfigurationPlatforms) = postSolution
		{F4D80121-322B-4DCE-A8FD-30C815607E8D}.Debug|Any CPU.ActiveCfg = Debug|Any CPU
		{F4D80121-322B-4DCE-A8FD-30C815607E8D}.Debug|Any CPU.Build.0 = Debug|Any CPU
		{F4D80121-322B-4DCE-A8FD-30C815607E8D}.Release|Any CPU.ActiveCfg = Release|Any CPU
		{F4D80121-322B-4DCE-A8FD-30C815607E8D}.Release|Any CPU.Build.0 = Release|Any CPU
	EndGlobalSection
	GlobalSection(SolutionProperties) = preSolution
		HideSolutionNode = FALSE
	EndGlobalSection
	GlobalSection(ExtensibilityGlobals) = postSolution
		SolutionGuid = {9C5E29EA-4E9F-40EC-B3D2-D420D4C256C4}
	EndGlobalSection
EndGlobal
